
Microsoft Visual Studio Solution File, Format Version 12.00
# Visual Studio Version 16
VisualStudioVersion = 16.0.30717.126
MinimumVisualStudioVersion = 10.0.40219.1
Project("{FAE04EC0-301F-11D3-BF4B-00C04F79EFBC}") = "GameOfThrones", "game-of-thrones\GameOfThrones.csproj", "{90B99388-D3FE-4367-80A6-8AFAC443AB7E}"
EndProject
Global
	GlobalSection(SolutionConfigurationPlatforms) = preSolution
		Debug|Any CPU = Debug|Any CPU
		Release|Any CPU = Release|Any CPU
	EndGlobalSection
	GlobalSection(ProjectConfigurationPlatforms) = postSolution
		{90B99388-D3FE-4367-80A6-8AFAC443AB7E}.Debug|Any CPU.ActiveCfg = Debug|Any CPU
		{90B99388-D3FE-4367-80A6-8AFAC443AB7E}.Debug|Any CPU.Build.0 = Debug|Any CPU
		{90B99388-D3FE-4367-80A6-8AFAC443AB7E}.Release|Any CPU.ActiveCfg = Release|Any CPU
		{90B99388-D3FE-4367-80A6-8AFAC443AB7E}.Release|Any CPU.Build.0 = Release|Any CPU
	EndGlobalSection
	GlobalSection(SolutionProperties) = preSolution
		HideSolutionNode = FALSE
	EndGlobalSection
	GlobalSection(ExtensibilityGlobals) = postSolution
		SolutionGuid = {3827A985-DD3A-4511-9E29-09BAB484DB0F}
	EndGlobalSection
EndGlobal
